
Microsoft Visual Studio Solution File, Format Version 12.00
# Visual Studio Version 17
VisualStudioVersion = 17.0.31919.166
MinimumVisualStudioVersion = 10.0.40219.1
Project("{FAE04EC0-301F-11D3-BF4B-00C04F79EFBC}") = "CA23102503", "CA23102503.csproj", "{12BAD273-A833-4D6A-A54F-6B325DA21EBC}"
EndProject
Global
	GlobalSection(SolutionConfigurationPlatforms) = preSolution
		Debug|Any CPU = Debug|Any CPU
		Release|Any CPU = Release|Any CPU
	EndGlobalSection
	GlobalSection(ProjectConfigurationPlatforms) = postSolution
		{12BAD273-A833-4D6A-A54F-6B325DA21EBC}.Debug|Any CPU.ActiveCfg = Debug|Any CPU
		{12BAD273-A833-4D6A-A54F-6B325DA21EBC}.Debug|Any CPU.Build.0 = Debug|Any CPU
		{12BAD273-A833-4D6A-A54F-6B325DA21EBC}.Release|Any CPU.ActiveCfg = Release|Any CPU
		{12BAD273-A833-4D6A-A54F-6B325DA21EBC}.Release|Any CPU.Build.0 = Release|Any CPU
	EndGlobalSection
	GlobalSection(SolutionProperties) = preSolution
		HideSolutionNode = FALSE
	EndGlobalSection
	GlobalSection(ExtensibilityGlobals) = postSolution
		SolutionGuid = {01C0B952-59CB-4146-B485-D7671BB671D0}
	EndGlobalSection
EndGlobal
